
Microsoft Visual Studio Solution File, Format Version 12.00
# Visual Studio Version 17
VisualStudioVersion = 17.6.33723.286
MinimumVisualStudioVersion = 10.0.40219.1
Project("{FAE04EC0-301F-11D3-BF4B-00C04F79EFBC}") = "FootballLeague", "FootballLeague\FootballLeague.csproj", "{3B64A7C0-F589-40D2-AE88-E27CC7B70E34}"
EndProject
Global
	GlobalSection(SolutionConfigurationPlatforms) = preSolution
		Debug|Any CPU = Debug|Any CPU
		Release|Any CPU = Release|Any CPU
	EndGlobalSection
	GlobalSection(ProjectConfigurationPlatforms) = postSolution
		{3B64A7C0-F589-40D2-AE88-E27CC7B70E34}.Debug|Any CPU.ActiveCfg = Debug|Any CPU
		{3B64A7C0-F589-40D2-AE88-E27CC7B70E34}.Debug|Any CPU.Build.0 = Debug|Any CPU
		{3B64A7C0-F589-40D2-AE88-E27CC7B70E34}.Release|Any CPU.ActiveCfg = Release|Any CPU
		{3B64A7C0-F589-40D2-AE88-E27CC7B70E34}.Release|Any CPU.Build.0 = Release|Any CPU
	EndGlobalSection
	GlobalSection(SolutionProperties) = preSolution
		HideSolutionNode = FALSE
	EndGlobalSection
	GlobalSection(ExtensibilityGlobals) = postSolution
		SolutionGuid = {3E53A1E4-D66E-44B5-BE97-4671315AC6AD}
	EndGlobalSection
EndGlobal
